{
  "name": "ethernet-ip-target",
  "version": "1.0.0",
  "lockfileVersion": 2,
  "requires": true,
  "packages": {
    "": {
      "name": "ethernet-ip-target",
      "version": "1.0.0",
      "license": "ISC",
      "dependencies": {
        "crypto": "^1.0.1",
        "ethernet-ip": "^1.2.5"
      }
    },
    "node_modules/crypto": {
      "version": "1.0.1",
      "resolved": "https://registry.npmjs.org/crypto/-/crypto-1.0.1.tgz",
      "integrity": "sha512-VxBKmeNcqQdiUQUW2Tzq0t377b54N2bMtXO/qiLa+6eRRmmC4qT3D4OnTGoT/U6O9aklQ/jTwbOtRMTTY8G0Ig==",
      "deprecated": "This package is no longer supported. It's now a built-in Node module. If you've depended on crypto, you should switch to the one that's built-in."
    },
    "node_modules/dateformat": {
      "version": "3.0.3",
      "resolved": "https://registry.npmjs.org/dateformat/-/dateformat-3.0.3.tgz",
      "integrity": "sha512-jyCETtSl3VMZMWeRo7iY1FL19ges1t55hMo5yaam4Jrsm5EPL89UQkoQRyiI+Yf4k8r2ZpdngkV8hr1lIdjb3Q==",
      "engines": {
        "node": "*"
      }
    },
    "node_modules/ethernet-ip": {
      "version": "1.2.5",
      "resolved": "https://registry.npmjs.org/ethernet-ip/-/ethernet-ip-1.2.5.tgz",
      "integrity": "sha512-6rale1ZXjxjdoZwTqPAfa2tB73Bc0t/Y/Oe1UjEJKZRp8+2aCuQ/hsvkJYdyDwA7fK+szCNg11QDzC69U/hmTA==",
      "dependencies": {
        "dateformat": "^3.0.3",
        "task-easy": "^0.2.0"
      }
    },
    "node_modules/task-easy": {
      "version": "0.2.1",
      "resolved": "https://registry.npmjs.org/task-easy/-/task-easy-0.2.1.tgz",
      "integrity": "sha512-VMYezcVhfyaTkc3cWf4sSQG6YgYBdiNCAg4iXuUWRGB7tp7A/rZA9Nter0ZIG5chSoidLS0VWf87koFD9XHwDg=="
    }
  },
  "dependencies": {
    "crypto": {
      "version": "1.0.1",
      "resolved": "https://registry.npmjs.org/crypto/-/crypto-1.0.1.tgz",
      "integrity": "sha512-VxBKmeNcqQdiUQUW2Tzq0t377b54N2bMtXO/qiLa+6eRRmmC4qT3D4OnTGoT/U6O9aklQ/jTwbOtRMTTY8G0Ig=="
    },
    "dateformat": {
      "version": "3.0.3",
      "resolved": "https://registry.npmjs.org/dateformat/-/dateformat-3.0.3.tgz",
      "integrity": "sha512-jyCETtSl3VMZMWeRo7iY1FL19ges1t55hMo5yaam4Jrsm5EPL89UQkoQRyiI+Yf4k8r2ZpdngkV8hr1lIdjb3Q=="
    },
    "ethernet-ip": {
      "version": "1.2.5",
      "resolved": "https://registry.npmjs.org/ethernet-ip/-/ethernet-ip-1.2.5.tgz",
      "integrity": "sha512-6rale1ZXjxjdoZwTqPAfa2tB73Bc0t/Y/Oe1UjEJKZRp8+2aCuQ/hsvkJYdyDwA7fK+szCNg11QDzC69U/hmTA==",
      "requires": {
        "dateformat": "^3.0.3",
        "task-easy": "^0.2.0"
      }
    },
    "task-easy": {
      "version": "0.2.1",
      "resolved": "https://registry.npmjs.org/task-easy/-/task-easy-0.2.1.tgz",
      "integrity": "sha512-VMYezcVhfyaTkc3cWf4sSQG6YgYBdiNCAg4iXuUWRGB7tp7A/rZA9Nter0ZIG5chSoidLS0VWf87koFD9XHwDg=="
    }
  }
}
